
Microsoft Visual Studio Solution File, Format Version 12.00
# Visual Studio Version 17
VisualStudioVersion = 17.8.34330.188
MinimumVisualStudioVersion = 10.0.40219.1
Project("{2150E333-8FDC-42A3-9474-1A3956D46DE8}") = "Library", "Library", "{C4C256C0-73E6-47D3-BAA6-0CD32B4413A1}"
EndProject
Project("{2150E333-8FDC-42A3-9474-1A3956D46DE8}") = "Tests", "Tests", "{8C45F31D-D695-40EB-800D-BF5F344F894F}"
EndProject
Project("{9A19103F-16F7-4668-BE54-9A1E7A4F7556}") = "Cycles.Helpers", "Cycles.Helpers\Cycles.Helpers.csproj", "{7453CD5C-422F-4C1F-8638-561BE4A3D7A4}"
EndProject
Project("{9A19103F-16F7-4668-BE54-9A1E7A4F7556}") = "Cycles.Extensions", "Cycles.Extensions\Cycles.Extensions.csproj", "{FB917264-F4AC-49E5-BDAF-EE2A3F47431F}"
EndProject
Project("{9A19103F-16F7-4668-BE54-9A1E7A4F7556}") = "Cycles.Lessons", "Cycles.Lessons\Cycles.Lessons.csproj", "{64C6CEBD-9CC3-410F-A28B-6B0993FC0C8A}"
EndProject
Project("{9A19103F-16F7-4668-BE54-9A1E7A4F7556}") = "Cycles.Tests", "Cycles.Tests\Cycles.Tests.csproj", "{D7F2619A-8900-4F61-9BDF-4AD62A27AE46}"
EndProject
Project("{9A19103F-16F7-4668-BE54-9A1E7A4F7556}") = "Cycles.Patterns", "Cycles.Patterns\Cycles.Patterns.csproj", "{9A126483-3939-4F07-AE3E-7790F558845C}"
EndProject
Global
	GlobalSection(SolutionConfigurationPlatforms) = preSolution
		Debug|Any CPU = Debug|Any CPU
		Release|Any CPU = Release|Any CPU
	EndGlobalSection
	GlobalSection(ProjectConfigurationPlatforms) = postSolution
		{7453CD5C-422F-4C1F-8638-561BE4A3D7A4}.Debug|Any CPU.ActiveCfg = Debug|Any CPU
		{7453CD5C-422F-4C1F-8638-561BE4A3D7A4}.Debug|Any CPU.Build.0 = Debug|Any CPU
		{7453CD5C-422F-4C1F-8638-561BE4A3D7A4}.Release|Any CPU.ActiveCfg = Release|Any CPU
		{7453CD5C-422F-4C1F-8638-561BE4A3D7A4}.Release|Any CPU.Build.0 = Release|Any CPU
		{FB917264-F4AC-49E5-BDAF-EE2A3F47431F}.Debug|Any CPU.ActiveCfg = Debug|Any CPU
		{FB917264-F4AC-49E5-BDAF-EE2A3F47431F}.Debug|Any CPU.Build.0 = Debug|Any CPU
		{FB917264-F4AC-49E5-BDAF-EE2A3F47431F}.Release|Any CPU.ActiveCfg = Release|Any CPU
		{FB917264-F4AC-49E5-BDAF-EE2A3F47431F}.Release|Any CPU.Build.0 = Release|Any CPU
		{64C6CEBD-9CC3-410F-A28B-6B0993FC0C8A}.Debug|Any CPU.ActiveCfg = Debug|Any CPU
		{64C6CEBD-9CC3-410F-A28B-6B0993FC0C8A}.Debug|Any CPU.Build.0 = Debug|Any CPU
		{64C6CEBD-9CC3-410F-A28B-6B0993FC0C8A}.Release|Any CPU.ActiveCfg = Release|Any CPU
		{64C6CEBD-9CC3-410F-A28B-6B0993FC0C8A}.Release|Any CPU.Build.0 = Release|Any CPU
		{D7F2619A-8900-4F61-9BDF-4AD62A27AE46}.Debug|Any CPU.ActiveCfg = Debug|Any CPU
		{D7F2619A-8900-4F61-9BDF-4AD62A27AE46}.Debug|Any CPU.Build.0 = Debug|Any CPU
		{D7F2619A-8900-4F61-9BDF-4AD62A27AE46}.Release|Any CPU.ActiveCfg = Release|Any CPU
		{D7F2619A-8900-4F61-9BDF-4AD62A27AE46}.Release|Any CPU.Build.0 = Release|Any CPU
		{9A126483-3939-4F07-AE3E-7790F558845C}.Debug|Any CPU.ActiveCfg = Debug|Any CPU
		{9A126483-3939-4F07-AE3E-7790F558845C}.Debug|Any CPU.Build.0 = Debug|Any CPU
		{9A126483-3939-4F07-AE3E-7790F558845C}.Release|Any CPU.ActiveCfg = Release|Any CPU
		{9A126483-3939-4F07-AE3E-7790F558845C}.Release|Any CPU.Build.0 = Release|Any CPU
	EndGlobalSection
	GlobalSection(SolutionProperties) = preSolution
		HideSolutionNode = FALSE
	EndGlobalSection
	GlobalSection(NestedProjects) = preSolution
		{7453CD5C-422F-4C1F-8638-561BE4A3D7A4} = {C4C256C0-73E6-47D3-BAA6-0CD32B4413A1}
		{FB917264-F4AC-49E5-BDAF-EE2A3F47431F} = {C4C256C0-73E6-47D3-BAA6-0CD32B4413A1}
		{64C6CEBD-9CC3-410F-A28B-6B0993FC0C8A} = {C4C256C0-73E6-47D3-BAA6-0CD32B4413A1}
		{D7F2619A-8900-4F61-9BDF-4AD62A27AE46} = {8C45F31D-D695-40EB-800D-BF5F344F894F}
		{9A126483-3939-4F07-AE3E-7790F558845C} = {C4C256C0-73E6-47D3-BAA6-0CD32B4413A1}
	EndGlobalSection
	GlobalSection(ExtensibilityGlobals) = postSolution
		SolutionGuid = {047DFF23-0518-41E3-B8FD-6910523CAC15}
	EndGlobalSection
EndGlobal
